
Microsoft Visual Studio Solution File, Format Version 12.00
# Visual Studio Version 17
VisualStudioVersion = 17.8.34316.72
MinimumVisualStudioVersion = 10.0.40219.1
Project("{9A19103F-16F7-4668-BE54-9A1E7A4F7556}") = "Ders1_1_methods_nedir", "Ders1_methods_nedir\Ders1_1_methods_nedir.csproj", "{FC9A9B2B-CFAB-4660-9EA8-2CAB9637B815}"
EndProject
Project("{9A19103F-16F7-4668-BE54-9A1E7A4F7556}") = "Ders1_2_parametre_nedir", "Ders1_2_parametre_nedir\Ders1_2_parametre_nedir.csproj", "{6B1D83CF-8540-4F50-9C01-376679B8D54F}"
EndProject
Project("{2150E333-8FDC-42A3-9474-1A3956D46DE8}") = "ResulDersler", "ResulDersler", "{3AB0A422-E5DC-4065-A3A2-21B9CD330D6D}"
	ProjectSection(SolutionItems) = preProject
		Ders1_methods_nedir\HomeWork.txt = Ders1_methods_nedir\HomeWork.txt
	EndProjectSection
EndProject
Project("{2150E333-8FDC-42A3-9474-1A3956D46DE8}") = "YasininKodlari", "YasininKodlari", "{7DFCB2FB-EBC1-4B84-9F8D-27614881628B}"
EndProject
Project("{9A19103F-16F7-4668-BE54-9A1E7A4F7556}") = "D1_1_methods_nedir", "D1_1_methods_nedir\D1_1_methods_nedir.csproj", "{FB1FFFE9-3309-470A-A6E3-376E93B2E911}"
EndProject
Project("{9A19103F-16F7-4668-BE54-9A1E7A4F7556}") = "Ders1_HomeWork_Methods", "HomeWork_Methods\Ders1_HomeWork_Methods.csproj", "{3C29CA86-15B7-4CBE-967B-531825AA9E2E}"
EndProject
Global
	GlobalSection(SolutionConfigurationPlatforms) = preSolution
		Debug|Any CPU = Debug|Any CPU
		Release|Any CPU = Release|Any CPU
	EndGlobalSection
	GlobalSection(ProjectConfigurationPlatforms) = postSolution
		{FC9A9B2B-CFAB-4660-9EA8-2CAB9637B815}.Debug|Any CPU.ActiveCfg = Debug|Any CPU
		{FC9A9B2B-CFAB-4660-9EA8-2CAB9637B815}.Debug|Any CPU.Build.0 = Debug|Any CPU
		{FC9A9B2B-CFAB-4660-9EA8-2CAB9637B815}.Release|Any CPU.ActiveCfg = Release|Any CPU
		{FC9A9B2B-CFAB-4660-9EA8-2CAB9637B815}.Release|Any CPU.Build.0 = Release|Any CPU
		{6B1D83CF-8540-4F50-9C01-376679B8D54F}.Debug|Any CPU.ActiveCfg = Debug|Any CPU
		{6B1D83CF-8540-4F50-9C01-376679B8D54F}.Debug|Any CPU.Build.0 = Debug|Any CPU
		{6B1D83CF-8540-4F50-9C01-376679B8D54F}.Release|Any CPU.ActiveCfg = Release|Any CPU
		{6B1D83CF-8540-4F50-9C01-376679B8D54F}.Release|Any CPU.Build.0 = Release|Any CPU
		{FB1FFFE9-3309-470A-A6E3-376E93B2E911}.Debug|Any CPU.ActiveCfg = Debug|Any CPU
		{FB1FFFE9-3309-470A-A6E3-376E93B2E911}.Debug|Any CPU.Build.0 = Debug|Any CPU
		{FB1FFFE9-3309-470A-A6E3-376E93B2E911}.Release|Any CPU.ActiveCfg = Release|Any CPU
		{FB1FFFE9-3309-470A-A6E3-376E93B2E911}.Release|Any CPU.Build.0 = Release|Any CPU
		{3C29CA86-15B7-4CBE-967B-531825AA9E2E}.Debug|Any CPU.ActiveCfg = Debug|Any CPU
		{3C29CA86-15B7-4CBE-967B-531825AA9E2E}.Debug|Any CPU.Build.0 = Debug|Any CPU
		{3C29CA86-15B7-4CBE-967B-531825AA9E2E}.Release|Any CPU.ActiveCfg = Release|Any CPU
		{3C29CA86-15B7-4CBE-967B-531825AA9E2E}.Release|Any CPU.Build.0 = Release|Any CPU
	EndGlobalSection
	GlobalSection(SolutionProperties) = preSolution
		HideSolutionNode = FALSE
	EndGlobalSection
	GlobalSection(NestedProjects) = preSolution
		{FC9A9B2B-CFAB-4660-9EA8-2CAB9637B815} = {7DFCB2FB-EBC1-4B84-9F8D-27614881628B}
		{6B1D83CF-8540-4F50-9C01-376679B8D54F} = {7DFCB2FB-EBC1-4B84-9F8D-27614881628B}
		{FB1FFFE9-3309-470A-A6E3-376E93B2E911} = {3AB0A422-E5DC-4065-A3A2-21B9CD330D6D}
		{3C29CA86-15B7-4CBE-967B-531825AA9E2E} = {7DFCB2FB-EBC1-4B84-9F8D-27614881628B}
	EndGlobalSection
	GlobalSection(ExtensibilityGlobals) = postSolution
		SolutionGuid = {ABF6E856-8837-4FFD-8B7B-276EE94F6C85}
	EndGlobalSection
EndGlobal
