
Microsoft Visual Studio Solution File, Format Version 12.00
# Visual Studio Version 17
VisualStudioVersion = 17.8.34316.72
MinimumVisualStudioVersion = 10.0.40219.1
Project("{FAE04EC0-301F-11D3-BF4B-00C04F79EFBC}") = "Ders1_methods_nedir", "Ders1_methods_nedir\Ders1_methods_nedir.csproj", "{FC9A9B2B-CFAB-4660-9EA8-2CAB9637B815}"
EndProject
Global
	GlobalSection(SolutionConfigurationPlatforms) = preSolution
		Debug|Any CPU = Debug|Any CPU
		Release|Any CPU = Release|Any CPU
	EndGlobalSection
	GlobalSection(ProjectConfigurationPlatforms) = postSolution
		{FC9A9B2B-CFAB-4660-9EA8-2CAB9637B815}.Debug|Any CPU.ActiveCfg = Debug|Any CPU
		{FC9A9B2B-CFAB-4660-9EA8-2CAB9637B815}.Debug|Any CPU.Build.0 = Debug|Any CPU
		{FC9A9B2B-CFAB-4660-9EA8-2CAB9637B815}.Release|Any CPU.ActiveCfg = Release|Any CPU
		{FC9A9B2B-CFAB-4660-9EA8-2CAB9637B815}.Release|Any CPU.Build.0 = Release|Any CPU
	EndGlobalSection
	GlobalSection(SolutionProperties) = preSolution
		HideSolutionNode = FALSE
	EndGlobalSection
	GlobalSection(ExtensibilityGlobals) = postSolution
		SolutionGuid = {ABF6E856-8837-4FFD-8B7B-276EE94F6C85}
	EndGlobalSection
EndGlobal
